// !$*UTF8*$!
{
	archiveVersion = 1;
	classes = {
	};
	objectVersion = 46;
	objects = {

/* Begin PBXBuildFile section */
		0053CDFD188E4C4700C92F32 /* Foundation.framework in Frameworks */ = {isa = PBXBuildFile; fileRef = 0053CDFC188E4C4700C92F32 /* Foundation.framework */; };
		0053CDFF188E4C4700C92F32 /* CoreGraphics.framework in Frameworks */ = {isa = PBXBuildFile; fileRef = 0053CDFE188E4C4700C92F32 /* CoreGraphics.framework */; };
		0053CE01188E4C4700C92F32 /* UIKit.framework in Frameworks */ = {isa = PBXBuildFile; fileRef = 0053CE00188E4C4700C92F32 /* UIKit.framework */; };
		0053CE07188E4C4800C92F32 /* InfoPlist.strings in Resources */ = {isa = PBXBuildFile; fileRef = 0053CE05188E4C4800C92F32 /* InfoPlist.strings */; };
		0053CE09188E4C4800C92F32 /* main.m in Sources */ = {isa = PBXBuildFile; fileRef = 0053CE08188E4C4800C92F32 /* main.m */; };
		0053CE0D188E4C4800C92F32 /* AppDelegate.m in Sources */ = {isa = PBXBuildFile; fileRef = 0053CE0C188E4C4800C92F32 /* AppDelegate.m */; };
		0053CE10188E4C4800C92F32 /* Main.storyboard in Resources */ = {isa = PBXBuildFile; fileRef = 0053CE0E188E4C4800C92F32 /* Main.storyboard */; };
		0053CE13188E4C4800C92F32 /* ViewController.m in Sources */ = {isa = PBXBuildFile; fileRef = 0053CE12188E4C4800C92F32 /* ViewController.m */; };
		0053CE15188E4C4800C92F32 /* Images.xcassets in Resources */ = {isa = PBXBuildFile; fileRef = 0053CE14188E4C4800C92F32 /* Images.xcassets */; };
		0053CE1C188E4C4800C92F32 /* XCTest.framework in Frameworks */ = {isa = PBXBuildFile; fileRef = 0053CE1B188E4C4800C92F32 /* XCTest.framework */; };
		0053CE1D188E4C4800C92F32 /* Foundation.framework in Frameworks */ = {isa = PBXBuildFile; fileRef = 0053CDFC188E4C4700C92F32 /* Foundation.framework */; };
		0053CE1E188E4C4800C92F32 /* UIKit.framework in Frameworks */ = {isa = PBXBuildFile; fileRef = 0053CE00188E4C4700C92F32 /* UIKit.framework */; };
		0053CE26188E4C4800C92F32 /* InfoPlist.strings in Resources */ = {isa = PBXBuildFile; fileRef = 0053CE24188E4C4800C92F32 /* InfoPlist.strings */; };
		0053CE28188E4C4800C92F32 /* FacebookFriendsTestTests.m in Sources */ = {isa = PBXBuildFile; fileRef = 0053CE27188E4C4800C92F32 /* FacebookFriendsTestTests.m */; };
/* End PBXBuildFile section */

/* Begin PBXContainerItemProxy section */
		0053CE1F188E4C4800C92F32 /* PBXContainerItemProxy */ = {
			isa = PBXContainerItemProxy;
			containerPortal = 0053CDF1188E4C4700C92F32 /* Project object */;
			proxyType = 1;
			remoteGlobalIDString = 0053CDF8188E4C4700C92F32;
			remoteInfo = FacebookFriendsTest;
		};
/* End PBXContainerItemProxy section */

/* Begin PBXFileReference section */
		0053CDF9188E4C4700C92F32 /* FacebookFriendsTest.app */ = {isa = PBXFileReference; explicitFileType = wrapper.application; includeInIndex = 0; path = FacebookFriendsTest.app; sourceTree = BUILT_PRODUCTS_DIR; };
		0053CDFC188E4C4700C92F32 /* Foundation.framework */ = {isa = PBXFileReference; lastKnownFileType = wrapper.framework; name = Foundation.framework; path = System/Library/Frameworks/Foundation.framework; sourceTree = SDKROOT; };
		0053CDFE188E4C4700C92F32 /* CoreGraphics.framework */ = {isa = PBXFileReference; lastKnownFileType = wrapper.framework; name = CoreGraphics.framework; path = System/Library/Frameworks/CoreGraphics.framework; sourceTree = SDKROOT; };
		0053CE00188E4C4700C92F32 /* UIKit.framework */ = {isa = PBXFileReference; lastKnownFileType = wrapper.framework; name = UIKit.framework; path = System/Library/Frameworks/UIKit.framework; sourceTree = SDKROOT; };
		0053CE04188E4C4800C92F32 /* FacebookFriendsTest-Info.plist */ = {isa = PBXFileReference; lastKnownFileType = text.plist.xml; path = "FacebookFriendsTest-Info.plist"; sourceTree = "<group>"; };
		0053CE06188E4C4800C92F32 /* en */ = {isa = PBXFileReference; lastKnownFileType = text.plist.strings; name = en; path = en.lproj/InfoPlist.strings; sourceTree = "<group>"; };
		0053CE08188E4C4800C92F32 /* main.m */ = {isa = PBXFileReference; lastKnownFileType = sourcecode.c.objc; path = main.m; sourceTree = "<group>"; };
		0053CE0A188E4C4800C92F32 /* FacebookFriendsTest-Prefix.pch */ = {isa = PBXFileReference; lastKnownFileType = sourcecode.c.h; path = "FacebookFriendsTest-Prefix.pch"; sourceTree = "<group>"; };
		0053CE0B188E4C4800C92F32 /* AppDelegate.h */ = {isa = PBXFileReference; lastKnownFileType = sourcecode.c.h; path = AppDelegate.h; sourceTree = "<group>"; };
		0053CE0C188E4C4800C92F32 /* AppDelegate.m */ = {isa = PBXFileReference; lastKnownFileType = sourcecode.c.objc; path = AppDelegate.m; sourceTree = "<group>"; };
		0053CE0F188E4C4800C92F32 /* Base */ = {isa = PBXFileReference; lastKnownFileType = file.storyboard; name = Base; path = Base.lproj/Main.storyboard; sourceTree = "<group>"; };
		0053CE11188E4C4800C92F32 /* ViewController.h */ = {isa = PBXFileReference; lastKnownFileType = sourcecode.c.h; path = ViewController.h; sourceTree = "<group>"; };
		0053CE12188E4C4800C92F32 /* ViewController.m */ = {isa = PBXFileReference; lastKnownFileType = sourcecode.c.objc; path = ViewController.m; sourceTree = "<group>"; };
		0053CE14188E4C4800C92F32 /* Images.xcassets */ = {isa = PBXFileReference; lastKnownFileType = folder.assetcatalog; path = Images.xcassets; sourceTree = "<group>"; };
		0053CE1A188E4C4800C92F32 /* FacebookFriendsTestTests.xctest */ = {isa = PBXFileReference; explicitFileType = wrapper.cfbundle; includeInIndex = 0; path = FacebookFriendsTestTests.xctest; sourceTree = BUILT_PRODUCTS_DIR; };
		0053CE1B188E4C4800C92F32 /* XCTest.framework */ = {isa = PBXFileReference; lastKnownFileType = wrapper.framework; name = XCTest.framework; path = Library/Frameworks/XCTest.framework; sourceTree = DEVELOPER_DIR; };
		0053CE23188E4C4800C92F32 /* FacebookFriendsTestTests-Info.plist */ = {isa = PBXFileReference; lastKnownFileType = text.plist.xml; path = "FacebookFriendsTestTests-Info.plist"; sourceTree = "<group>"; };
		0053CE25188E4C4800C92F32 /* en */ = {isa = PBXFileReference; lastKnownFileType = text.plist.strings; name = en; path = en.lproj/InfoPlist.strings; sourceTree = "<group>"; };
		0053CE27188E4C4800C92F32 /* FacebookFriendsTestTests.m */ = {isa = PBXFileReference; lastKnownFileType = sourcecode.c.objc; path = FacebookFriendsTestTests.m; sourceTree = "<group>"; };
/* End PBXFileReference section */

/* Begin PBXFrameworksBuildPhase section */
		0053CDF6188E4C4700C92F32 /* Frameworks */ = {
			isa = PBXFrameworksBuildPhase;
			buildActionMask = 2147483647;
			files = (
				0053CDFF188E4C4700C92F32 /* CoreGraphics.framework in Frameworks */,
				0053CE01188E4C4700C92F32 /* UIKit.framework in Frameworks */,
				0053CDFD188E4C4700C92F32 /* Foundation.framework in Frameworks */,
			);
			runOnlyForDeploymentPostprocessing = 0;
		};
		0053CE17188E4C4800C92F32 /* Frameworks */ = {
			isa = PBXFrameworksBuildPhase;
			buildActionMask = 2147483647;
			files = (
				0053CE1C188E4C4800C92F32 /* XCTest.framework in Frameworks */,
				0053CE1E188E4C4800C92F32 /* UIKit.framework in Frameworks */,
				0053CE1D188E4C4800C92F32 /* Foundation.framework in Frameworks */,
			);
			runOnlyForDeploymentPostprocessing = 0;
		};
/* End PBXFrameworksBuildPhase section */

/* Begin PBXGroup section */
		0053CDF0188E4C4700C92F32 = {
			isa = PBXGroup;
			children = (
				0053CE02188E4C4700C92F32 /* FacebookFriendsTest */,
				0053CE21188E4C4800C92F32 /* FacebookFriendsTestTests */,
				0053CDFB188E4C4700C92F32 /* Frameworks */,
				0053CDFA188E4C4700C92F32 /* Products */,
			);
			sourceTree = "<group>";
		};
		0053CDFA188E4C4700C92F32 /* Products */ = {
			isa = PBXGroup;
			children = (
				0053CDF9188E4C4700C92F32 /* FacebookFriendsTest.app */,
				0053CE1A188E4C4800C92F32 /* FacebookFriendsTestTests.xctest */,
			);
			name = Products;
			sourceTree = "<group>";
		};
		0053CDFB188E4C4700C92F32 /* Frameworks */ = {
			isa = PBXGroup;
			children = (
				0053CDFC188E4C4700C92F32 /* Foundation.framework */,
				0053CDFE188E4C4700C92F32 /* CoreGraphics.framework */,
				0053CE00188E4C4700C92F32 /* UIKit.framework */,
				0053CE1B188E4C4800C92F32 /* XCTest.framework */,
			);
			name = Frameworks;
			sourceTree = "<group>";
		};
		0053CE02188E4C4700C92F32 /* FacebookFriendsTest */ = {
			isa = PBXGroup;
			children = (
				0053CE0B188E4C4800C92F32 /* AppDelegate.h */,
				0053CE0C188E4C4800C92F32 /* AppDelegate.m */,
				0053CE0E188E4C4800C92F32 /* Main.storyboard */,
				0053CE11188E4C4800C92F32 /* ViewController.h */,
				0053CE12188E4C4800C92F32 /* ViewController.m */,
				0053CE14188E4C4800C92F32 /* Images.xcassets */,
				0053CE03188E4C4800C92F32 /* Supporting Files */,
			);
			path = FacebookFriendsTest;
			sourceTree = "<group>";
		};
		0053CE03188E4C4800C92F32 /* Supporting Files */ = {
			isa = PBXGroup;
			children = (
				0053CE04188E4C4800C92F32 /* FacebookFriendsTest-Info.plist */,
				0053CE05188E4C4800C92F32 /* InfoPlist.strings */,
				0053CE08188E4C4800C92F32 /* main.m */,
				0053CE0A188E4C4800C92F32 /* FacebookFriendsTest-Prefix.pch */,
			);
			name = "Supporting Files";
			sourceTree = "<group>";
		};
		0053CE21188E4C4800C92F32 /* FacebookFriendsTestTests */ = {
			isa = PBXGroup;
			children = (
				0053CE27188E4C4800C92F32 /* FacebookFriendsTestTests.m */,
				0053CE22188E4C4800C92F32 /* Supporting Files */,
			);
			path = FacebookFriendsTestTests;
			sourceTree = "<group>";
		};
		0053CE22188E4C4800C92F32 /* Supporting Files */ = {
			isa = PBXGroup;
			children = (
				0053CE23188E4C4800C92F32 /* FacebookFriendsTestTests-Info.plist */,
				0053CE24188E4C4800C92F32 /* InfoPlist.strings */,
			);
			name = "Supporting Files";
			sourceTree = "<group>";
		};
/* End PBXGroup section */

/* Begin PBXNativeTarget section */
		0053CDF8188E4C4700C92F32 /* FacebookFriendsTest */ = {
			isa = PBXNativeTarget;
			buildConfigurationList = 0053CE2B188E4C4800C92F32 /* Build configuration list for PBXNativeTarget "FacebookFriendsTest" */;
			buildPhases = (
				0053CDF5188E4C4700C92F32 /* Sources */,
				0053CDF6188E4C4700C92F32 /* Frameworks */,
				0053CDF7188E4C4700C92F32 /* Resources */,
			);
			buildRules = (
			);
			dependencies = (
			);
			name = FacebookFriendsTest;
			productName = FacebookFriendsTest;
			productReference = 0053CDF9188E4C4700C92F32 /* FacebookFriendsTest.app */;
			productType = "com.apple.product-type.application";
		};
		0053CE19188E4C4800C92F32 /* FacebookFriendsTestTests */ = {
			isa = PBXNativeTarget;
			buildConfigurationList = 0053CE2E188E4C4800C92F32 /* Build configuration list for PBXNativeTarget "FacebookFriendsTestTests" */;
			buildPhases = (
				0053CE16188E4C4800C92F32 /* Sources */,
				0053CE17188E4C4800C92F32 /* Frameworks */,
				0053CE18188E4C4800C92F32 /* Resources */,
			);
			buildRules = (
			);
			dependencies = (
				0053CE20188E4C4800C92F32 /* PBXTargetDependency */,
			);
			name = FacebookFriendsTestTests;
			productName = FacebookFriendsTestTests;
			productReference = 0053CE1A188E4C4800C92F32 /* FacebookFriendsTestTests.xctest */;
			productType = "com.apple.product-type.bundle.unit-test";
		};
/* End PBXNativeTarget section */

/* Begin PBXProject section */
		0053CDF1188E4C4700C92F32 /* Project object */ = {
			isa = PBXProject;
			attributes = {
				LastUpgradeCheck = 0500;
				ORGANIZATIONNAME = "SDT-1";
				TargetAttributes = {
					0053CE19188E4C4800C92F32 = {
						TestTargetID = 0053CDF8188E4C4700C92F32;
					};
				};
			};
			buildConfigurationList = 0053CDF4188E4C4700C92F32 /* Build configuration list for PBXProject "FacebookFriendsTest" */;
			compatibilityVersion = "Xcode 3.2";
			developmentRegion = English;
			hasScannedForEncodings = 0;
			knownRegions = (
				en,
				Base,
			);
			mainGroup = 0053CDF0188E4C4700C92F32;
			productRefGroup = 0053CDFA188E4C4700C92F32 /* Products */;
			projectDirPath = "";
			projectRoot = "";
			targets = (
				0053CDF8188E4C4700C92F32 /* FacebookFriendsTest */,
				0053CE19188E4C4800C92F32 /* FacebookFriendsTestTests */,
			);
		};
/* End PBXProject section */

/* Begin PBXResourcesBuildPhase section */
		0053CDF7188E4C4700C92F32 /* Resources */ = {
			isa = PBXResourcesBuildPhase;
			buildActionMask = 2147483647;
			files = (
				0053CE15188E4C4800C92F32 /* Images.xcassets in Resources */,
				0053CE07188E4C4800C92F32 /* InfoPlist.strings in Resources */,
				0053CE10188E4C4800C92F32 /* Main.storyboard in Resources */,
			);
			runOnlyForDeploymentPostprocessing = 0;
		};
		0053CE18188E4C4800C92F32 /* Resources */ = {
			isa = PBXResourcesBuildPhase;
			buildActionMask = 2147483647;
			files = (
				0053CE26188E4C4800C92F32 /* InfoPlist.strings in Resources */,
			);
			runOnlyForDeploymentPostprocessing = 0;
		};
/* End PBXResourcesBuildPhase section */

/* Begin PBXSourcesBuildPhase section */
		0053CDF5188E4C4700C92F32 /* Sources */ = {
			isa = PBXSourcesBuildPhase;
			buildActionMask = 2147483647;
			files = (
				0053CE13188E4C4800C92F32 /* ViewController.m in Sources */,
				0053CE0D188E4C4800C92F32 /* AppDelegate.m in Sources */,
				0053CE09188E4C4800C92F32 /* main.m in Sources */,
			);
			runOnlyForDeploymentPostprocessing = 0;
		};
		0053CE16188E4C4800C92F32 /* Sources */ = {
			isa = PBXSourcesBuildPhase;
			buildActionMask = 2147483647;
			files = (
				0053CE28188E4C4800C92F32 /* FacebookFriendsTestTests.m in Sources */,
			);
			runOnlyForDeploymentPostprocessing = 0;
		};
/* End PBXSourcesBuildPhase section */

/* Begin PBXTargetDependency section */
		0053CE20188E4C4800C92F32 /* PBXTargetDependency */ = {
			isa = PBXTargetDependency;
			target = 0053CDF8188E4C4700C92F32 /* FacebookFriendsTest */;
			targetProxy = 0053CE1F188E4C4800C92F32 /* PBXContainerItemProxy */;
		};
/* End PBXTargetDependency section */

/* Begin PBXVariantGroup section */
		0053CE05188E4C4800C92F32 /* InfoPlist.strings */ = {
			isa = PBXVariantGroup;
			children = (
				0053CE06188E4C4800C92F32 /* en */,
			);
			name = InfoPlist.strings;
			sourceTree = "<group>";
		};
		0053CE0E188E4C4800C92F32 /* Main.storyboard */ = {
			isa = PBXVariantGroup;
			children = (
				0053CE0F188E4C4800C92F32 /* Base */,
			);
			name = Main.storyboard;
			sourceTree = "<group>";
		};
		0053CE24188E4C4800C92F32 /* InfoPlist.strings */ = {
			isa = PBXVariantGroup;
			children = (
				0053CE25188E4C4800C92F32 /* en */,
			);
			name = InfoPlist.strings;
			sourceTree = "<group>";
		};
/* End PBXVariantGroup section */

/* Begin XCBuildConfiguration section */
		0053CE29188E4C4800C92F32 /* Debug */ = {
			isa = XCBuildConfiguration;
			buildSettings = {
				ALWAYS_SEARCH_USER_PATHS = NO;
				ARCHS = "$(ARCHS_STANDARD_INCLUDING_64_BIT)";
				CLANG_CXX_LANGUAGE_STANDARD = "gnu++0x";
				CLANG_CXX_LIBRARY = "libc++";
				CLANG_ENABLE_MODULES = YES;
				CLANG_ENABLE_OBJC_ARC = YES;
				CLANG_WARN_BOOL_CONVERSION = YES;
				CLANG_WARN_CONSTANT_CONVERSION = YES;
				CLANG_WARN_DIRECT_OBJC_ISA_USAGE = YES_ERROR;
				CLANG_WARN_EMPTY_BODY = YES;
				CLANG_WARN_ENUM_CONVERSION = YES;
				CLANG_WARN_INT_CONVERSION = YES;
				CLANG_WARN_OBJC_ROOT_CLASS = YES_ERROR;
				CLANG_WARN__DUPLICATE_METHOD_MATCH = YES;
				"CODE_SIGN_IDENTITY[sdk=iphoneos*]" = "iPhone Developer";
				COPY_PHASE_STRIP = NO;
				GCC_C_LANGUAGE_STANDARD = gnu99;
				GCC_DYNAMIC_NO_PIC = NO;
				GCC_OPTIMIZATION_LEVEL = 0;
				GCC_PREPROCESSOR_DEFINITIONS = (
					"DEBUG=1",
					"$(inherited)",
				);
				GCC_SYMBOLS_PRIVATE_EXTERN = NO;
				GCC_WARN_64_TO_32_BIT_CONVERSION = YES;
				GCC_WARN_ABOUT_RETURN_TYPE = YES_ERROR;
				GCC_WARN_UNDECLARED_SELECTOR = YES;
				GCC_WARN_UNINITIALIZED_AUTOS = YES;
				GCC_WARN_UNUSED_FUNCTION = YES;
				GCC_WARN_UNUSED_VARIABLE = YES;
				IPHONEOS_DEPLOYMENT_TARGET = 7.0;
				ONLY_ACTIVE_ARCH = YES;
				SDKROOT = iphoneos;
			};
			name = Debug;
		};
		0053CE2A188E4C4800C92F32 /* Release */ = {
			isa = XCBuildConfiguration;
			buildSettings = {
				ALWAYS_SEARCH_USER_PATHS = NO;
				ARCHS = "$(ARCHS_STANDARD_INCLUDING_64_BIT)";
				CLANG_CXX_LANGUAGE_STANDARD = "gnu++0x";
				CLANG_CXX_LIBRARY = "libc++";
				CLANG_ENABLE_MODULES = YES;
				CLANG_ENABLE_OBJC_ARC = YES;
				CLANG_WARN_BOOL_CONVERSION = YES;
				CLANG_WARN_CONSTANT_CONVERSION = YES;
				CLANG_WARN_DIRECT_OBJC_ISA_USAGE = YES_ERROR;
				CLANG_WARN_EMPTY_BODY = YES;
				CLANG_WARN_ENUM_CONVERSION = YES;
				CLANG_WARN_INT_CONVERSION = YES;
				CLANG_WARN_OBJC_ROOT_CLASS = YES_ERROR;
				CLANG_WARN__DUPLICATE_METHOD_MATCH = YES;
				"CODE_SIGN_IDENTITY[sdk=iphoneos*]" = "iPhone Developer";
				COPY_PHASE_STRIP = YES;
				ENABLE_NS_ASSERTIONS = NO;
				GCC_C_LANGUAGE_STANDARD = gnu99;
				GCC_WARN_64_TO_32_BIT_CONVERSION = YES;
				GCC_WARN_ABOUT_RETURN_TYPE = YES_ERROR;
				GCC_WARN_UNDECLARED_SELECTOR = YES;
				GCC_WARN_UNINITIALIZED_AUTOS = YES;
				GCC_WARN_UNUSED_FUNCTION = YES;
				GCC_WARN_UNUSED_VARIABLE = YES;
				IPHONEOS_DEPLOYMENT_TARGET = 7.0;
				SDKROOT = iphoneos;
				VALIDATE_PRODUCT = YES;
			};
			name = Release;
		};
		0053CE2C188E4C4800C92F32 /* Debug */ = {
			isa = XCBuildConfiguration;
			buildSettings = {
				ASSETCATALOG_COMPILER_APPICON_NAME = AppIcon;
				ASSETCATALOG_COMPILER_LAUNCHIMAGE_NAME = LaunchImage;
				GCC_PRECOMPILE_PREFIX_HEADER = YES;
				GCC_PREFIX_HEADER = "FacebookFriendsTest/FacebookFriendsTest-Prefix.pch";
				INFOPLIST_FILE = "FacebookFriendsTest/FacebookFriendsTest-Info.plist";
				PRODUCT_NAME = "$(TARGET_NAME)";
				WRAPPER_EXTENSION = app;
			};
			name = Debug;
		};
		0053CE2D188E4C4800C92F32 /* Release */ = {
			isa = XCBuildConfiguration;
			buildSettings = {
				ASSETCATALOG_COMPILER_APPICON_NAME = AppIcon;
				ASSETCATALOG_COMPILER_LAUNCHIMAGE_NAME = LaunchImage;
				GCC_PRECOMPILE_PREFIX_HEADER = YES;
				GCC_PREFIX_HEADER = "FacebookFriendsTest/FacebookFriendsTest-Prefix.pch";
				INFOPLIST_FILE = "FacebookFriendsTest/FacebookFriendsTest-Info.plist";
				PRODUCT_NAME = "$(TARGET_NAME)";
				WRAPPER_EXTENSION = app;
			};
			name = Release;
		};
		0053CE2F188E4C4800C92F32 /* Debug */ = {
			isa = XCBuildConfiguration;
			buildSettings = {
				ARCHS = "$(ARCHS_STANDARD_INCLUDING_64_BIT)";
				BUNDLE_LOADER = "$(BUILT_PRODUCTS_DIR)/FacebookFriendsTest.app/FacebookFriendsTest";
				FRAMEWORK_SEARCH_PATHS = (
					"$(SDKROOT)/Developer/Library/Frameworks",
					"$(inherited)",
					"$(DEVELOPER_FRAMEWORKS_DIR)",
				);
				GCC_PRECOMPILE_PREFIX_HEADER = YES;
				GCC_PREFIX_HEADER = "FacebookFriendsTest/FacebookFriendsTest-Prefix.pch";
				GCC_PREPROCESSOR_DEFINITIONS = (
					"DEBUG=1",
					"$(inherited)",
				);
				INFOPLIST_FILE = "FacebookFriendsTestTests/FacebookFriendsTestTests-Info.plist";
				PRODUCT_NAME = "$(TARGET_NAME)";
				TEST_HOST = "$(BUNDLE_LOADER)";
				WRAPPER_EXTENSION = xctest;
			};
			name = Debug;
		};
		0053CE30188E4C4800C92F32 /* Release */ = {
			isa = XCBuildConfiguration;
			buildSettings = {
				ARCHS = "$(ARCHS_STANDARD_INCLUDING_64_BIT)";
				BUNDLE_LOADER = "$(BUILT_PRODUCTS_DIR)/FacebookFriendsTest.app/FacebookFriendsTest";
				FRAMEWORK_SEARCH_PATHS = (
					"$(SDKROOT)/Developer/Library/Frameworks",
					"$(inherited)",
					"$(DEVELOPER_FRAMEWORKS_DIR)",
				);
				GCC_PRECOMPILE_PREFIX_HEADER = YES;
				GCC_PREFIX_HEADER = "FacebookFriendsTest/FacebookFriendsTest-Prefix.pch";
				INFOPLIST_FILE = "FacebookFriendsTestTests/FacebookFriendsTestTests-Info.plist";
				PRODUCT_NAME = "$(TARGET_NAME)";
				TEST_HOST = "$(BUNDLE_LOADER)";
				WRAPPER_EXTENSION = xctest;
			};
			name = Release;
		};
/* End XCBuildConfiguration section */

/* Begin XCConfigurationList section */
		0053CDF4188E4C4700C92F32 /* Build configuration list for PBXProject "FacebookFriendsTest" */ = {
			isa = XCConfigurationList;
			buildConfigurations = (
				0053CE29188E4C4800C92F32 /* Debug */,
				0053CE2A188E4C4800C92F32 /* Release */,
			);
			defaultConfigurationIsVisible = 0;
			defaultConfigurationName = Release;
		};
		0053CE2B188E4C4800C92F32 /* Build configuration list for PBXNativeTarget "FacebookFriendsTest" */ = {
			isa = XCConfigurationList;
			buildConfigurations = (
				0053CE2C188E4C4800C92F32 /* Debug */,
				0053CE2D188E4C4800C92F32 /* Release */,
			);
			defaultConfigurationIsVisible = 0;
		};
		0053CE2E188E4C4800C92F32 /* Build configuration list for PBXNativeTarget "FacebookFriendsTestTests" */ = {
			isa = XCConfigurationList;
			buildConfigurations = (
				0053CE2F188E4C4800C92F32 /* Debug */,
				0053CE30188E4C4800C92F32 /* Release */,
			);
			defaultConfigurationIsVisible = 0;
		};
/* End XCConfigurationList section */
	};
	rootObject = 0053CDF1188E4C4700C92F32 /* Project object */;
}
